// !$*UTF8*$!
{
	archiveVersion = 1;
	classes = {
	};
	objectVersion = 55;
	objects = {

/* Begin PBXBuildFile section */
		84FB9C5A291A20CD00980C6A /* AppDelegate.swift in Sources */ = {isa = PBXBuildFile; fileRef = 84FB9C59291A20CD00980C6A /* AppDelegate.swift */; };
		84FB9C5C291A20CD00980C6A /* SceneDelegate.swift in Sources */ = {isa = PBXBuildFile; fileRef = 84FB9C5B291A20CD00980C6A /* SceneDelegate.swift */; };
		84FB9C5E291A20CD00980C6A /* ViewController.swift in Sources */ = {isa = PBXBuildFile; fileRef = 84FB9C5D291A20CD00980C6A /* ViewController.swift */; };
		84FB9C61291A20CD00980C6A /* Main.storyboard in Resources */ = {isa = PBXBuildFile; fileRef = 84FB9C5F291A20CD00980C6A /* Main.storyboard */; };
		84FB9C63291A20CE00980C6A /* Assets.xcassets in Resources */ = {isa = PBXBuildFile; fileRef = 84FB9C62291A20CE00980C6A /* Assets.xcassets */; };
		84FB9C66291A20CE00980C6A /* LaunchScreen.storyboard in Resources */ = {isa = PBXBuildFile; fileRef = 84FB9C64291A20CE00980C6A /* LaunchScreen.storyboard */; };
		84FB9C71291A20CE00980C6A /* TrafficSeguesTests.swift in Sources */ = {isa = PBXBuildFile; fileRef = 84FB9C70291A20CE00980C6A /* TrafficSeguesTests.swift */; };
		84FB9C7B291A20CE00980C6A /* TrafficSeguesUITests.swift in Sources */ = {isa = PBXBuildFile; fileRef = 84FB9C7A291A20CE00980C6A /* TrafficSeguesUITests.swift */; };
		84FB9C7D291A20CE00980C6A /* TrafficSeguesUITestsLaunchTests.swift in Sources */ = {isa = PBXBuildFile; fileRef = 84FB9C7C291A20CE00980C6A /* TrafficSeguesUITestsLaunchTests.swift */; };
/* End PBXBuildFile section */

/* Begin PBXContainerItemProxy section */
		84FB9C6D291A20CE00980C6A /* PBXContainerItemProxy */ = {
			isa = PBXContainerItemProxy;
			containerPortal = 84FB9C4E291A20CD00980C6A /* Project object */;
			proxyType = 1;
			remoteGlobalIDString = 84FB9C55291A20CD00980C6A;
			remoteInfo = TrafficSegues;
		};
		84FB9C77291A20CE00980C6A /* PBXContainerItemProxy */ = {
			isa = PBXContainerItemProxy;
			containerPortal = 84FB9C4E291A20CD00980C6A /* Project object */;
			proxyType = 1;
			remoteGlobalIDString = 84FB9C55291A20CD00980C6A;
			remoteInfo = TrafficSegues;
		};
/* End PBXContainerItemProxy section */

/* Begin PBXFileReference section */
		84FB9C56291A20CD00980C6A /* TrafficSegues.app */ = {isa = PBXFileReference; explicitFileType = wrapper.application; includeInIndex = 0; path = TrafficSegues.app; sourceTree = BUILT_PRODUCTS_DIR; };
		84FB9C59291A20CD00980C6A /* AppDelegate.swift */ = {isa = PBXFileReference; lastKnownFileType = sourcecode.swift; path = AppDelegate.swift; sourceTree = "<group>"; };
		84FB9C5B291A20CD00980C6A /* SceneDelegate.swift */ = {isa = PBXFileReference; lastKnownFileType = sourcecode.swift; path = SceneDelegate.swift; sourceTree = "<group>"; };
		84FB9C5D291A20CD00980C6A /* ViewController.swift */ = {isa = PBXFileReference; lastKnownFileType = sourcecode.swift; path = ViewController.swift; sourceTree = "<group>"; };
		84FB9C60291A20CD00980C6A /* Base */ = {isa = PBXFileReference; lastKnownFileType = file.storyboard; name = Base; path = Base.lproj/Main.storyboard; sourceTree = "<group>"; };
		84FB9C62291A20CE00980C6A /* Assets.xcassets */ = {isa = PBXFileReference; lastKnownFileType = folder.assetcatalog; path = Assets.xcassets; sourceTree = "<group>"; };
		84FB9C65291A20CE00980C6A /* Base */ = {isa = PBXFileReference; lastKnownFileType = file.storyboard; name = Base; path = Base.lproj/LaunchScreen.storyboard; sourceTree = "<group>"; };
		84FB9C67291A20CE00980C6A /* Info.plist */ = {isa = PBXFileReference; lastKnownFileType = text.plist.xml; path = Info.plist; sourceTree = "<group>"; };
		84FB9C6C291A20CE00980C6A /* TrafficSeguesTests.xctest */ = {isa = PBXFileReference; explicitFileType = wrapper.cfbundle; includeInIndex = 0; path = TrafficSeguesTests.xctest; sourceTree = BUILT_PRODUCTS_DIR; };
		84FB9C70291A20CE00980C6A /* TrafficSeguesTests.swift */ = {isa = PBXFileReference; lastKnownFileType = sourcecode.swift; path = TrafficSeguesTests.swift; sourceTree = "<group>"; };
		84FB9C76291A20CE00980C6A /* TrafficSeguesUITests.xctest */ = {isa = PBXFileReference; explicitFileType = wrapper.cfbundle; includeInIndex = 0; path = TrafficSeguesUITests.xctest; sourceTree = BUILT_PRODUCTS_DIR; };
		84FB9C7A291A20CE00980C6A /* TrafficSeguesUITests.swift */ = {isa = PBXFileReference; lastKnownFileType = sourcecode.swift; path = TrafficSeguesUITests.swift; sourceTree = "<group>"; };
		84FB9C7C291A20CE00980C6A /* TrafficSeguesUITestsLaunchTests.swift */ = {isa = PBXFileReference; lastKnownFileType = sourcecode.swift; path = TrafficSeguesUITestsLaunchTests.swift; sourceTree = "<group>"; };
/* End PBXFileReference section */

/* Begin PBXFrameworksBuildPhase section */
		84FB9C53291A20CD00980C6A /* Frameworks */ = {
			isa = PBXFrameworksBuildPhase;
			buildActionMask = 2147483647;
			files = (
			);
			runOnlyForDeploymentPostprocessing = 0;
		};
		84FB9C69291A20CE00980C6A /* Frameworks */ = {
			isa = PBXFrameworksBuildPhase;
			buildActionMask = 2147483647;
			files = (
			);
			runOnlyForDeploymentPostprocessing = 0;
		};
		84FB9C73291A20CE00980C6A /* Frameworks */ = {
			isa = PBXFrameworksBuildPhase;
			buildActionMask = 2147483647;
			files = (
			);
			runOnlyForDeploymentPostprocessing = 0;
		};
/* End PBXFrameworksBuildPhase section */

/* Begin PBXGroup section */
		84FB9C4D291A20CD00980C6A = {
			isa = PBXGroup;
			children = (
				84FB9C58291A20CD00980C6A /* TrafficSegues */,
				84FB9C6F291A20CE00980C6A /* TrafficSeguesTests */,
				84FB9C79291A20CE00980C6A /* TrafficSeguesUITests */,
				84FB9C57291A20CD00980C6A /* Products */,
			);
			sourceTree = "<group>";
		};
		84FB9C57291A20CD00980C6A /* Products */ = {
			isa = PBXGroup;
			children = (
				84FB9C56291A20CD00980C6A /* TrafficSegues.app */,
				84FB9C6C291A20CE00980C6A /* TrafficSeguesTests.xctest */,
				84FB9C76291A20CE00980C6A /* TrafficSeguesUITests.xctest */,
			);
			name = Products;
			sourceTree = "<group>";
		};
		84FB9C58291A20CD00980C6A /* TrafficSegues */ = {
			isa = PBXGroup;
			children = (
				84FB9C59291A20CD00980C6A /* AppDelegate.swift */,
				84FB9C5B291A20CD00980C6A /* SceneDelegate.swift */,
				84FB9C5D291A20CD00980C6A /* ViewController.swift */,
				84FB9C5F291A20CD00980C6A /* Main.storyboard */,
				84FB9C62291A20CE00980C6A /* Assets.xcassets */,
				84FB9C64291A20CE00980C6A /* LaunchScreen.storyboard */,
				84FB9C67291A20CE00980C6A /* Info.plist */,
			);
			path = TrafficSegues;
			sourceTree = "<group>";
		};
		84FB9C6F291A20CE00980C6A /* TrafficSeguesTests */ = {
			isa = PBXGroup;
			children = (
				84FB9C70291A20CE00980C6A /* TrafficSeguesTests.swift */,
			);
			path = TrafficSeguesTests;
			sourceTree = "<group>";
		};
		84FB9C79291A20CE00980C6A /* TrafficSeguesUITests */ = {
			isa = PBXGroup;
			children = (
				84FB9C7A291A20CE00980C6A /* TrafficSeguesUITests.swift */,
				84FB9C7C291A20CE00980C6A /* TrafficSeguesUITestsLaunchTests.swift */,
			);
			path = TrafficSeguesUITests;
			sourceTree = "<group>";
		};
/* End PBXGroup section */

/* Begin PBXNativeTarget section */
		84FB9C55291A20CD00980C6A /* TrafficSegues */ = {
			isa = PBXNativeTarget;
			buildConfigurationList = 84FB9C80291A20CE00980C6A /* Build configuration list for PBXNativeTarget "TrafficSegues" */;
			buildPhases = (
				84FB9C52291A20CD00980C6A /* Sources */,
				84FB9C53291A20CD00980C6A /* Frameworks */,
				84FB9C54291A20CD00980C6A /* Resources */,
			);
			buildRules = (
			);
			dependencies = (
			);
			name = TrafficSegues;
			productName = TrafficSegues;
			productReference = 84FB9C56291A20CD00980C6A /* TrafficSegues.app */;
			productType = "com.apple.product-type.application";
		};
		84FB9C6B291A20CE00980C6A /* TrafficSeguesTests */ = {
			isa = PBXNativeTarget;
			buildConfigurationList = 84FB9C83291A20CE00980C6A /* Build configuration list for PBXNativeTarget "TrafficSeguesTests" */;
			buildPhases = (
				84FB9C68291A20CE00980C6A /* Sources */,
				84FB9C69291A20CE00980C6A /* Frameworks */,
				84FB9C6A291A20CE00980C6A /* Resources */,
			);
			buildRules = (
			);
			dependencies = (
				84FB9C6E291A20CE00980C6A /* PBXTargetDependency */,
			);
			name = TrafficSeguesTests;
			productName = TrafficSeguesTests;
			productReference = 84FB9C6C291A20CE00980C6A /* TrafficSeguesTests.xctest */;
			productType = "com.apple.product-type.bundle.unit-test";
		};
		84FB9C75291A20CE00980C6A /* TrafficSeguesUITests */ = {
			isa = PBXNativeTarget;
			buildConfigurationList = 84FB9C86291A20CE00980C6A /* Build configuration list for PBXNativeTarget "TrafficSeguesUITests" */;
			buildPhases = (
				84FB9C72291A20CE00980C6A /* Sources */,
				84FB9C73291A20CE00980C6A /* Frameworks */,
				84FB9C74291A20CE00980C6A /* Resources */,
			);
			buildRules = (
			);
			dependencies = (
				84FB9C78291A20CE00980C6A /* PBXTargetDependency */,
			);
			name = TrafficSeguesUITests;
			productName = TrafficSeguesUITests;
			productReference = 84FB9C76291A20CE00980C6A /* TrafficSeguesUITests.xctest */;
			productType = "com.apple.product-type.bundle.ui-testing";
		};
/* End PBXNativeTarget section */

/* Begin PBXProject section */
		84FB9C4E291A20CD00980C6A /* Project object */ = {
			isa = PBXProject;
			attributes = {
				BuildIndependentTargetsInParallel = 1;
				LastSwiftUpdateCheck = 1320;
				LastUpgradeCheck = 1320;
				TargetAttributes = {
					84FB9C55291A20CD00980C6A = {
						CreatedOnToolsVersion = 13.2.1;
					};
					84FB9C6B291A20CE00980C6A = {
						CreatedOnToolsVersion = 13.2.1;
						TestTargetID = 84FB9C55291A20CD00980C6A;
					};
					84FB9C75291A20CE00980C6A = {
						CreatedOnToolsVersion = 13.2.1;
						TestTargetID = 84FB9C55291A20CD00980C6A;
					};
				};
			};
			buildConfigurationList = 84FB9C51291A20CD00980C6A /* Build configuration list for PBXProject "TrafficSegues" */;
			compatibilityVersion = "Xcode 13.0";
			developmentRegion = en;
			hasScannedForEncodings = 0;
			knownRegions = (
				en,
				Base,
			);
			mainGroup = 84FB9C4D291A20CD00980C6A;
			productRefGroup = 84FB9C57291A20CD00980C6A /* Products */;
			projectDirPath = "";
			projectRoot = "";
			targets = (
				84FB9C55291A20CD00980C6A /* TrafficSegues */,
				84FB9C6B291A20CE00980C6A /* TrafficSeguesTests */,
				84FB9C75291A20CE00980C6A /* TrafficSeguesUITests */,
			);
		};
/* End PBXProject section */

/* Begin PBXResourcesBuildPhase section */
		84FB9C54291A20CD00980C6A /* Resources */ = {
			isa = PBXResourcesBuildPhase;
			buildActionMask = 2147483647;
			files = (
				84FB9C66291A20CE00980C6A /* LaunchScreen.storyboard in Resources */,
				84FB9C63291A20CE00980C6A /* Assets.xcassets in Resources */,
				84FB9C61291A20CD00980C6A /* Main.storyboard in Resources */,
			);
			runOnlyForDeploymentPostprocessing = 0;
		};
		84FB9C6A291A20CE00980C6A /* Resources */ = {
			isa = PBXResourcesBuildPhase;
			buildActionMask = 2147483647;
			files = (
			);
			runOnlyForDeploymentPostprocessing = 0;
		};
		84FB9C74291A20CE00980C6A /* Resources */ = {
			isa = PBXResourcesBuildPhase;
			buildActionMask = 2147483647;
			files = (
			);
			runOnlyForDeploymentPostprocessing = 0;
		};
/* End PBXResourcesBuildPhase section */

/* Begin PBXSourcesBuildPhase section */
		84FB9C52291A20CD00980C6A /* Sources */ = {
			isa = PBXSourcesBuildPhase;
			buildActionMask = 2147483647;
			files = (
				84FB9C5E291A20CD00980C6A /* ViewController.swift in Sources */,
				84FB9C5A291A20CD00980C6A /* AppDelegate.swift in Sources */,
				84FB9C5C291A20CD00980C6A /* SceneDelegate.swift in Sources */,
			);
			runOnlyForDeploymentPostprocessing = 0;
		};
		84FB9C68291A20CE00980C6A /* Sources */ = {
			isa = PBXSourcesBuildPhase;
			buildActionMask = 2147483647;
			files = (
				84FB9C71291A20CE00980C6A /* TrafficSeguesTests.swift in Sources */,
			);
			runOnlyForDeploymentPostprocessing = 0;
		};
		84FB9C72291A20CE00980C6A /* Sources */ = {
			isa = PBXSourcesBuildPhase;
			buildActionMask = 2147483647;
			files = (
				84FB9C7D291A20CE00980C6A /* TrafficSeguesUITestsLaunchTests.swift in Sources */,
				84FB9C7B291A20CE00980C6A /* TrafficSeguesUITests.swift in Sources */,
			);
			runOnlyForDeploymentPostprocessing = 0;
		};
/* End PBXSourcesBuildPhase section */

/* Begin PBXTargetDependency section */
		84FB9C6E291A20CE00980C6A /* PBXTargetDependency */ = {
			isa = PBXTargetDependency;
			target = 84FB9C55291A20CD00980C6A /* TrafficSegues */;
			targetProxy = 84FB9C6D291A20CE00980C6A /* PBXContainerItemProxy */;
		};
		84FB9C78291A20CE00980C6A /* PBXTargetDependency */ = {
			isa = PBXTargetDependency;
			target = 84FB9C55291A20CD00980C6A /* TrafficSegues */;
			targetProxy = 84FB9C77291A20CE00980C6A /* PBXContainerItemProxy */;
		};
/* End PBXTargetDependency section */

/* Begin PBXVariantGroup section */
		84FB9C5F291A20CD00980C6A /* Main.storyboard */ = {
			isa = PBXVariantGroup;
			children = (
				84FB9C60291A20CD00980C6A /* Base */,
			);
			name = Main.storyboard;
			sourceTree = "<group>";
		};
		84FB9C64291A20CE00980C6A /* LaunchScreen.storyboard */ = {
			isa = PBXVariantGroup;
			children = (
				84FB9C65291A20CE00980C6A /* Base */,
			);
			name = LaunchScreen.storyboard;
			sourceTree = "<group>";
		};
/* End PBXVariantGroup section */

/* Begin XCBuildConfiguration section */
		84FB9C7E291A20CE00980C6A /* Debug */ = {
			isa = XCBuildConfiguration;
			buildSettings = {
				ALWAYS_SEARCH_USER_PATHS = NO;
				CLANG_ANALYZER_NONNULL = YES;
				CLANG_ANALYZER_NUMBER_OBJECT_CONVERSION = YES_AGGRESSIVE;
				CLANG_CXX_LANGUAGE_STANDARD = "gnu++17";
				CLANG_CXX_LIBRARY = "libc++";
				CLANG_ENABLE_MODULES = YES;
				CLANG_ENABLE_OBJC_ARC = YES;
				CLANG_ENABLE_OBJC_WEAK = YES;
				CLANG_WARN_BLOCK_CAPTURE_AUTORELEASING = YES;
				CLANG_WARN_BOOL_CONVERSION = YES;
				CLANG_WARN_COMMA = YES;
				CLANG_WARN_CONSTANT_CONVERSION = YES;
				CLANG_WARN_DEPRECATED_OBJC_IMPLEMENTATIONS = YES;
				CLANG_WARN_DIRECT_OBJC_ISA_USAGE = YES_ERROR;
				CLANG_WARN_DOCUMENTATION_COMMENTS = YES;
				CLANG_WARN_EMPTY_BODY = YES;
				CLANG_WARN_ENUM_CONVERSION = YES;
				CLANG_WARN_INFINITE_RECURSION = YES;
				CLANG_WARN_INT_CONVERSION = YES;
				CLANG_WARN_NON_LITERAL_NULL_CONVERSION = YES;
				CLANG_WARN_OBJC_IMPLICIT_RETAIN_SELF = YES;
				CLANG_WARN_OBJC_LITERAL_CONVERSION = YES;
				CLANG_WARN_OBJC_ROOT_CLASS = YES_ERROR;
				CLANG_WARN_QUOTED_INCLUDE_IN_FRAMEWORK_HEADER = YES;
				CLANG_WARN_RANGE_LOOP_ANALYSIS = YES;
				CLANG_WARN_STRICT_PROTOTYPES = YES;
				CLANG_WARN_SUSPICIOUS_MOVE = YES;
				CLANG_WARN_UNGUARDED_AVAILABILITY = YES_AGGRESSIVE;
				CLANG_WARN_UNREACHABLE_CODE = YES;
				CLANG_WARN__DUPLICATE_METHOD_MATCH = YES;
				COPY_PHASE_STRIP = NO;
				DEBUG_INFORMATION_FORMAT = dwarf;
				ENABLE_STRICT_OBJC_MSGSEND = YES;
				ENABLE_TESTABILITY = YES;
				GCC_C_LANGUAGE_STANDARD = gnu11;
				GCC_DYNAMIC_NO_PIC = NO;
				GCC_NO_COMMON_BLOCKS = YES;
				GCC_OPTIMIZATION_LEVEL = 0;
				GCC_PREPROCESSOR_DEFINITIONS = (
					"DEBUG=1",
					"$(inherited)",
				);
				GCC_WARN_64_TO_32_BIT_CONVERSION = YES;
				GCC_WARN_ABOUT_RETURN_TYPE = YES_ERROR;
				GCC_WARN_UNDECLARED_SELECTOR = YES;
				GCC_WARN_UNINITIALIZED_AUTOS = YES_AGGRESSIVE;
				GCC_WARN_UNUSED_FUNCTION = YES;
				GCC_WARN_UNUSED_VARIABLE = YES;
				IPHONEOS_DEPLOYMENT_TARGET = 15.2;
				MTL_ENABLE_DEBUG_INFO = INCLUDE_SOURCE;
				MTL_FAST_MATH = YES;
				ONLY_ACTIVE_ARCH = YES;
				SDKROOT = iphoneos;
				SWIFT_ACTIVE_COMPILATION_CONDITIONS = DEBUG;
				SWIFT_OPTIMIZATION_LEVEL = "-Onone";
			};
			name = Debug;
		};
		84FB9C7F291A20CE00980C6A /* Release */ = {
			isa = XCBuildConfiguration;
			buildSettings = {
				ALWAYS_SEARCH_USER_PATHS = NO;
				CLANG_ANALYZER_NONNULL = YES;
				CLANG_ANALYZER_NUMBER_OBJECT_CONVERSION = YES_AGGRESSIVE;
				CLANG_CXX_LANGUAGE_STANDARD = "gnu++17";
				CLANG_CXX_LIBRARY = "libc++";
				CLANG_ENABLE_MODULES = YES;
				CLANG_ENABLE_OBJC_ARC = YES;
				CLANG_ENABLE_OBJC_WEAK = YES;
				CLANG_WARN_BLOCK_CAPTURE_AUTORELEASING = YES;
				CLANG_WARN_BOOL_CONVERSION = YES;
				CLANG_WARN_COMMA = YES;
				CLANG_WARN_CONSTANT_CONVERSION = YES;
				CLANG_WARN_DEPRECATED_OBJC_IMPLEMENTATIONS = YES;
				CLANG_WARN_DIRECT_OBJC_ISA_USAGE = YES_ERROR;
				CLANG_WARN_DOCUMENTATION_COMMENTS = YES;
				CLANG_WARN_EMPTY_BODY = YES;
				CLANG_WARN_ENUM_CONVERSION = YES;
				CLANG_WARN_INFINITE_RECURSION = YES;
				CLANG_WARN_INT_CONVERSION = YES;
				CLANG_WARN_NON_LITERAL_NULL_CONVERSION = YES;
				CLANG_WARN_OBJC_IMPLICIT_RETAIN_SELF = YES;
				CLANG_WARN_OBJC_LITERAL_CONVERSION = YES;
				CLANG_WARN_OBJC_ROOT_CLASS = YES_ERROR;
				CLANG_WARN_QUOTED_INCLUDE_IN_FRAMEWORK_HEADER = YES;
				CLANG_WARN_RANGE_LOOP_ANALYSIS = YES;
				CLANG_WARN_STRICT_PROTOTYPES = YES;
				CLANG_WARN_SUSPICIOUS_MOVE = YES;
				CLANG_WARN_UNGUARDED_AVAILABILITY = YES_AGGRESSIVE;
				CLANG_WARN_UNREACHABLE_CODE = YES;
				CLANG_WARN__DUPLICATE_METHOD_MATCH = YES;
				COPY_PHASE_STRIP = NO;
				DEBUG_INFORMATION_FORMAT = "dwarf-with-dsym";
				ENABLE_NS_ASSERTIONS = NO;
				ENABLE_STRICT_OBJC_MSGSEND = YES;
				GCC_C_LANGUAGE_STANDARD = gnu11;
				GCC_NO_COMMON_BLOCKS = YES;
				GCC_WARN_64_TO_32_BIT_CONVERSION = YES;
				GCC_WARN_ABOUT_RETURN_TYPE = YES_ERROR;
				GCC_WARN_UNDECLARED_SELECTOR = YES;
				GCC_WARN_UNINITIALIZED_AUTOS = YES_AGGRESSIVE;
				GCC_WARN_UNUSED_FUNCTION = YES;
				GCC_WARN_UNUSED_VARIABLE = YES;
				IPHONEOS_DEPLOYMENT_TARGET = 15.2;
				MTL_ENABLE_DEBUG_INFO = NO;
				MTL_FAST_MATH = YES;
				SDKROOT = iphoneos;
				SWIFT_COMPILATION_MODE = wholemodule;
				SWIFT_OPTIMIZATION_LEVEL = "-O";
				VALIDATE_PRODUCT = YES;
			};
			name = Release;
		};
		84FB9C81291A20CE00980C6A /* Debug */ = {
			isa = XCBuildConfiguration;
			buildSettings = {
				ASSETCATALOG_COMPILER_APPICON_NAME = AppIcon;
				ASSETCATALOG_COMPILER_GLOBAL_ACCENT_COLOR_NAME = AccentColor;
				CODE_SIGN_STYLE = Automatic;
				CURRENT_PROJECT_VERSION = 1;
				GENERATE_INFOPLIST_FILE = YES;
				INFOPLIST_FILE = TrafficSegues/Info.plist;
				INFOPLIST_KEY_UIApplicationSupportsIndirectInputEvents = YES;
				INFOPLIST_KEY_UILaunchStoryboardName = LaunchScreen;
				INFOPLIST_KEY_UIMainStoryboardFile = Main;
				INFOPLIST_KEY_UISupportedInterfaceOrientations_iPad = "UIInterfaceOrientationPortrait UIInterfaceOrientationPortraitUpsideDown UIInterfaceOrientationLandscapeLeft UIInterfaceOrientationLandscapeRight";
				INFOPLIST_KEY_UISupportedInterfaceOrientations_iPhone = "UIInterfaceOrientationPortrait UIInterfaceOrientationLandscapeLeft UIInterfaceOrientationLandscapeRight";
				LD_RUNPATH_SEARCH_PATHS = (
					"$(inherited)",
					"@executable_path/Frameworks",
				);
				MARKETING_VERSION = 1.0;
				PRODUCT_BUNDLE_IDENTIFIER = in.edu.srmist.TrafficSegues;
				PRODUCT_NAME = "$(TARGET_NAME)";
				SWIFT_EMIT_LOC_STRINGS = YES;
				SWIFT_VERSION = 5.0;
				TARGETED_DEVICE_FAMILY = "1,2";
			};
			name = Debug;
		};
		84FB9C82291A20CE00980C6A /* Release */ = {
			isa = XCBuildConfiguration;
			buildSettings = {
				ASSETCATALOG_COMPILER_APPICON_NAME = AppIcon;
				ASSETCATALOG_COMPILER_GLOBAL_ACCENT_COLOR_NAME = AccentColor;
				CODE_SIGN_STYLE = Automatic;
				CURRENT_PROJECT_VERSION = 1;
				GENERATE_INFOPLIST_FILE = YES;
				INFOPLIST_FILE = TrafficSegues/Info.plist;
				INFOPLIST_KEY_UIApplicationSupportsIndirectInputEvents = YES;
				INFOPLIST_KEY_UILaunchStoryboardName = LaunchScreen;
				INFOPLIST_KEY_UIMainStoryboardFile = Main;
				INFOPLIST_KEY_UISupportedInterfaceOrientations_iPad = "UIInterfaceOrientationPortrait UIInterfaceOrientationPortraitUpsideDown UIInterfaceOrientationLandscapeLeft UIInterfaceOrientationLandscapeRight";
				INFOPLIST_KEY_UISupportedInterfaceOrientations_iPhone = "UIInterfaceOrientationPortrait UIInterfaceOrientationLandscapeLeft UIInterfaceOrientationLandscapeRight";
				LD_RUNPATH_SEARCH_PATHS = (
					"$(inherited)",
					"@executable_path/Frameworks",
				);
				MARKETING_VERSION = 1.0;
				PRODUCT_BUNDLE_IDENTIFIER = in.edu.srmist.TrafficSegues;
				PRODUCT_NAME = "$(TARGET_NAME)";
				SWIFT_EMIT_LOC_STRINGS = YES;
				SWIFT_VERSION = 5.0;
				TARGETED_DEVICE_FAMILY = "1,2";
			};
			name = Release;
		};
		84FB9C84291A20CE00980C6A /* Debug */ = {
			isa = XCBuildConfiguration;
			buildSettings = {
				ALWAYS_EMBED_SWIFT_STANDARD_LIBRARIES = YES;
				BUNDLE_LOADER = "$(TEST_HOST)";
				CODE_SIGN_STYLE = Automatic;
				CURRENT_PROJECT_VERSION = 1;
				GENERATE_INFOPLIST_FILE = YES;
				IPHONEOS_DEPLOYMENT_TARGET = 15.2;
				MARKETING_VERSION = 1.0;
				PRODUCT_BUNDLE_IDENTIFIER = in.edu.srmist.TrafficSeguesTests;
				PRODUCT_NAME = "$(TARGET_NAME)";
				SWIFT_EMIT_LOC_STRINGS = NO;
				SWIFT_VERSION = 5.0;
				TARGETED_DEVICE_FAMILY = "1,2";
				TEST_HOST = "$(BUILT_PRODUCTS_DIR)/TrafficSegues.app/TrafficSegues";
			};
			name = Debug;
		};
		84FB9C85291A20CE00980C6A /* Release */ = {
			isa = XCBuildConfiguration;
			buildSettings = {
				ALWAYS_EMBED_SWIFT_STANDARD_LIBRARIES = YES;
				BUNDLE_LOADER = "$(TEST_HOST)";
				CODE_SIGN_STYLE = Automatic;
				CURRENT_PROJECT_VERSION = 1;
				GENERATE_INFOPLIST_FILE = YES;
				IPHONEOS_DEPLOYMENT_TARGET = 15.2;
				MARKETING_VERSION = 1.0;
				PRODUCT_BUNDLE_IDENTIFIER = in.edu.srmist.TrafficSeguesTests;
				PRODUCT_NAME = "$(TARGET_NAME)";
				SWIFT_EMIT_LOC_STRINGS = NO;
				SWIFT_VERSION = 5.0;
				TARGETED_DEVICE_FAMILY = "1,2";
				TEST_HOST = "$(BUILT_PRODUCTS_DIR)/TrafficSegues.app/TrafficSegues";
			};
			name = Release;
		};
		84FB9C87291A20CE00980C6A /* Debug */ = {
			isa = XCBuildConfiguration;
			buildSettings = {
				ALWAYS_EMBED_SWIFT_STANDARD_LIBRARIES = YES;
				CODE_SIGN_STYLE = Automatic;
				CURRENT_PROJECT_VERSION = 1;
				GENERATE_INFOPLIST_FILE = YES;
				MARKETING_VERSION = 1.0;
				PRODUCT_BUNDLE_IDENTIFIER = in.edu.srmist.TrafficSeguesUITests;
				PRODUCT_NAME = "$(TARGET_NAME)";
				SWIFT_EMIT_LOC_STRINGS = NO;
				SWIFT_VERSION = 5.0;
				TARGETED_DEVICE_FAMILY = "1,2";
				TEST_TARGET_NAME = TrafficSegues;
			};
			name = Debug;
		};
		84FB9C88291A20CE00980C6A /* Release */ = {
			isa = XCBuildConfiguration;
			buildSettings = {
				ALWAYS_EMBED_SWIFT_STANDARD_LIBRARIES = YES;
				CODE_SIGN_STYLE = Automatic;
				CURRENT_PROJECT_VERSION = 1;
				GENERATE_INFOPLIST_FILE = YES;
				MARKETING_VERSION = 1.0;
				PRODUCT_BUNDLE_IDENTIFIER = in.edu.srmist.TrafficSeguesUITests;
				PRODUCT_NAME = "$(TARGET_NAME)";
				SWIFT_EMIT_LOC_STRINGS = NO;
				SWIFT_VERSION = 5.0;
				TARGETED_DEVICE_FAMILY = "1,2";
				TEST_TARGET_NAME = TrafficSegues;
			};
			name = Release;
		};
/* End XCBuildConfiguration section */

/* Begin XCConfigurationList section */
		84FB9C51291A20CD00980C6A /* Build configuration list for PBXProject "TrafficSegues" */ = {
			isa = XCConfigurationList;
			buildConfigurations = (
				84FB9C7E291A20CE00980C6A /* Debug */,
				84FB9C7F291A20CE00980C6A /* Release */,
			);
			defaultConfigurationIsVisible = 0;
			defaultConfigurationName = Release;
		};
		84FB9C80291A20CE00980C6A /* Build configuration list for PBXNativeTarget "TrafficSegues" */ = {
			isa = XCConfigurationList;
			buildConfigurations = (
				84FB9C81291A20CE00980C6A /* Debug */,
				84FB9C82291A20CE00980C6A /* Release */,
			);
			defaultConfigurationIsVisible = 0;
			defaultConfigurationName = Release;
		};
		84FB9C83291A20CE00980C6A /* Build configuration list for PBXNativeTarget "TrafficSeguesTests" */ = {
			isa = XCConfigurationList;
			buildConfigurations = (
				84FB9C84291A20CE00980C6A /* Debug */,
				84FB9C85291A20CE00980C6A /* Release */,
			);
			defaultConfigurationIsVisible = 0;
			defaultConfigurationName = Release;
		};
		84FB9C86291A20CE00980C6A /* Build configuration list for PBXNativeTarget "TrafficSeguesUITests" */ = {
			isa = XCConfigurationList;
			buildConfigurations = (
				84FB9C87291A20CE00980C6A /* Debug */,
				84FB9C88291A20CE00980C6A /* Release */,
			);
			defaultConfigurationIsVisible = 0;
			defaultConfigurationName = Release;
		};
/* End XCConfigurationList section */
	};
	rootObject = 84FB9C4E291A20CD00980C6A /* Project object */;
}
