// !$*UTF8*$!
{
	archiveVersion = 1;
	classes = {
	};
	objectVersion = 55;
	objects = {

/* Begin PBXBuildFile section */
		84A06AC9291A4A8300346A68 /* AppDelegate.swift in Sources */ = {isa = PBXBuildFile; fileRef = 84A06AC8291A4A8300346A68 /* AppDelegate.swift */; };
		84A06ACB291A4A8300346A68 /* SceneDelegate.swift in Sources */ = {isa = PBXBuildFile; fileRef = 84A06ACA291A4A8300346A68 /* SceneDelegate.swift */; };
		84A06ACD291A4A8300346A68 /* ViewController.swift in Sources */ = {isa = PBXBuildFile; fileRef = 84A06ACC291A4A8300346A68 /* ViewController.swift */; };
		84A06AD0291A4A8300346A68 /* Main.storyboard in Resources */ = {isa = PBXBuildFile; fileRef = 84A06ACE291A4A8300346A68 /* Main.storyboard */; };
		84A06AD2291A4A8300346A68 /* Assets.xcassets in Resources */ = {isa = PBXBuildFile; fileRef = 84A06AD1291A4A8300346A68 /* Assets.xcassets */; };
		84A06AD5291A4A8300346A68 /* LaunchScreen.storyboard in Resources */ = {isa = PBXBuildFile; fileRef = 84A06AD3291A4A8300346A68 /* LaunchScreen.storyboard */; };
		84A06AE0291A4A8300346A68 /* TrafficSeques_programmaticTests.swift in Sources */ = {isa = PBXBuildFile; fileRef = 84A06ADF291A4A8300346A68 /* TrafficSeques_programmaticTests.swift */; };
		84A06AEA291A4A8400346A68 /* TrafficSeques_programmaticUITests.swift in Sources */ = {isa = PBXBuildFile; fileRef = 84A06AE9291A4A8400346A68 /* TrafficSeques_programmaticUITests.swift */; };
		84A06AEC291A4A8400346A68 /* TrafficSeques_programmaticUITestsLaunchTests.swift in Sources */ = {isa = PBXBuildFile; fileRef = 84A06AEB291A4A8400346A68 /* TrafficSeques_programmaticUITestsLaunchTests.swift */; };
/* End PBXBuildFile section */

/* Begin PBXContainerItemProxy section */
		84A06ADC291A4A8300346A68 /* PBXContainerItemProxy */ = {
			isa = PBXContainerItemProxy;
			containerPortal = 84A06ABD291A4A8300346A68 /* Project object */;
			proxyType = 1;
			remoteGlobalIDString = 84A06AC4291A4A8300346A68;
			remoteInfo = TrafficSeques_programmatic;
		};
		84A06AE6291A4A8400346A68 /* PBXContainerItemProxy */ = {
			isa = PBXContainerItemProxy;
			containerPortal = 84A06ABD291A4A8300346A68 /* Project object */;
			proxyType = 1;
			remoteGlobalIDString = 84A06AC4291A4A8300346A68;
			remoteInfo = TrafficSeques_programmatic;
		};
/* End PBXContainerItemProxy section */

/* Begin PBXFileReference section */
		84A06AC5291A4A8300346A68 /* TrafficSeques_programmatic.app */ = {isa = PBXFileReference; explicitFileType = wrapper.application; includeInIndex = 0; path = TrafficSeques_programmatic.app; sourceTree = BUILT_PRODUCTS_DIR; };
		84A06AC8291A4A8300346A68 /* AppDelegate.swift */ = {isa = PBXFileReference; lastKnownFileType = sourcecode.swift; path = AppDelegate.swift; sourceTree = "<group>"; };
		84A06ACA291A4A8300346A68 /* SceneDelegate.swift */ = {isa = PBXFileReference; lastKnownFileType = sourcecode.swift; path = SceneDelegate.swift; sourceTree = "<group>"; };
		84A06ACC291A4A8300346A68 /* ViewController.swift */ = {isa = PBXFileReference; lastKnownFileType = sourcecode.swift; path = ViewController.swift; sourceTree = "<group>"; };
		84A06ACF291A4A8300346A68 /* Base */ = {isa = PBXFileReference; lastKnownFileType = file.storyboard; name = Base; path = Base.lproj/Main.storyboard; sourceTree = "<group>"; };
		84A06AD1291A4A8300346A68 /* Assets.xcassets */ = {isa = PBXFileReference; lastKnownFileType = folder.assetcatalog; path = Assets.xcassets; sourceTree = "<group>"; };
		84A06AD4291A4A8300346A68 /* Base */ = {isa = PBXFileReference; lastKnownFileType = file.storyboard; name = Base; path = Base.lproj/LaunchScreen.storyboard; sourceTree = "<group>"; };
		84A06AD6291A4A8300346A68 /* Info.plist */ = {isa = PBXFileReference; lastKnownFileType = text.plist.xml; path = Info.plist; sourceTree = "<group>"; };
		84A06ADB291A4A8300346A68 /* TrafficSeques_programmaticTests.xctest */ = {isa = PBXFileReference; explicitFileType = wrapper.cfbundle; includeInIndex = 0; path = TrafficSeques_programmaticTests.xctest; sourceTree = BUILT_PRODUCTS_DIR; };
		84A06ADF291A4A8300346A68 /* TrafficSeques_programmaticTests.swift */ = {isa = PBXFileReference; lastKnownFileType = sourcecode.swift; path = TrafficSeques_programmaticTests.swift; sourceTree = "<group>"; };
		84A06AE5291A4A8400346A68 /* TrafficSeques_programmaticUITests.xctest */ = {isa = PBXFileReference; explicitFileType = wrapper.cfbundle; includeInIndex = 0; path = TrafficSeques_programmaticUITests.xctest; sourceTree = BUILT_PRODUCTS_DIR; };
		84A06AE9291A4A8400346A68 /* TrafficSeques_programmaticUITests.swift */ = {isa = PBXFileReference; lastKnownFileType = sourcecode.swift; path = TrafficSeques_programmaticUITests.swift; sourceTree = "<group>"; };
		84A06AEB291A4A8400346A68 /* TrafficSeques_programmaticUITestsLaunchTests.swift */ = {isa = PBXFileReference; lastKnownFileType = sourcecode.swift; path = TrafficSeques_programmaticUITestsLaunchTests.swift; sourceTree = "<group>"; };
/* End PBXFileReference section */

/* Begin PBXFrameworksBuildPhase section */
		84A06AC2291A4A8300346A68 /* Frameworks */ = {
			isa = PBXFrameworksBuildPhase;
			buildActionMask = 2147483647;
			files = (
			);
			runOnlyForDeploymentPostprocessing = 0;
		};
		84A06AD8291A4A8300346A68 /* Frameworks */ = {
			isa = PBXFrameworksBuildPhase;
			buildActionMask = 2147483647;
			files = (
			);
			runOnlyForDeploymentPostprocessing = 0;
		};
		84A06AE2291A4A8400346A68 /* Frameworks */ = {
			isa = PBXFrameworksBuildPhase;
			buildActionMask = 2147483647;
			files = (
			);
			runOnlyForDeploymentPostprocessing = 0;
		};
/* End PBXFrameworksBuildPhase section */

/* Begin PBXGroup section */
		84A06ABC291A4A8300346A68 = {
			isa = PBXGroup;
			children = (
				84A06AC7291A4A8300346A68 /* TrafficSeques_programmatic */,
				84A06ADE291A4A8300346A68 /* TrafficSeques_programmaticTests */,
				84A06AE8291A4A8400346A68 /* TrafficSeques_programmaticUITests */,
				84A06AC6291A4A8300346A68 /* Products */,
			);
			sourceTree = "<group>";
		};
		84A06AC6291A4A8300346A68 /* Products */ = {
			isa = PBXGroup;
			children = (
				84A06AC5291A4A8300346A68 /* TrafficSeques_programmatic.app */,
				84A06ADB291A4A8300346A68 /* TrafficSeques_programmaticTests.xctest */,
				84A06AE5291A4A8400346A68 /* TrafficSeques_programmaticUITests.xctest */,
			);
			name = Products;
			sourceTree = "<group>";
		};
		84A06AC7291A4A8300346A68 /* TrafficSeques_programmatic */ = {
			isa = PBXGroup;
			children = (
				84A06AC8291A4A8300346A68 /* AppDelegate.swift */,
				84A06ACA291A4A8300346A68 /* SceneDelegate.swift */,
				84A06ACC291A4A8300346A68 /* ViewController.swift */,
				84A06ACE291A4A8300346A68 /* Main.storyboard */,
				84A06AD1291A4A8300346A68 /* Assets.xcassets */,
				84A06AD3291A4A8300346A68 /* LaunchScreen.storyboard */,
				84A06AD6291A4A8300346A68 /* Info.plist */,
			);
			path = TrafficSeques_programmatic;
			sourceTree = "<group>";
		};
		84A06ADE291A4A8300346A68 /* TrafficSeques_programmaticTests */ = {
			isa = PBXGroup;
			children = (
				84A06ADF291A4A8300346A68 /* TrafficSeques_programmaticTests.swift */,
			);
			path = TrafficSeques_programmaticTests;
			sourceTree = "<group>";
		};
		84A06AE8291A4A8400346A68 /* TrafficSeques_programmaticUITests */ = {
			isa = PBXGroup;
			children = (
				84A06AE9291A4A8400346A68 /* TrafficSeques_programmaticUITests.swift */,
				84A06AEB291A4A8400346A68 /* TrafficSeques_programmaticUITestsLaunchTests.swift */,
			);
			path = TrafficSeques_programmaticUITests;
			sourceTree = "<group>";
		};
/* End PBXGroup section */

/* Begin PBXNativeTarget section */
		84A06AC4291A4A8300346A68 /* TrafficSeques_programmatic */ = {
			isa = PBXNativeTarget;
			buildConfigurationList = 84A06AEF291A4A8400346A68 /* Build configuration list for PBXNativeTarget "TrafficSeques_programmatic" */;
			buildPhases = (
				84A06AC1291A4A8300346A68 /* Sources */,
				84A06AC2291A4A8300346A68 /* Frameworks */,
				84A06AC3291A4A8300346A68 /* Resources */,
			);
			buildRules = (
			);
			dependencies = (
			);
			name = TrafficSeques_programmatic;
			productName = TrafficSeques_programmatic;
			productReference = 84A06AC5291A4A8300346A68 /* TrafficSeques_programmatic.app */;
			productType = "com.apple.product-type.application";
		};
		84A06ADA291A4A8300346A68 /* TrafficSeques_programmaticTests */ = {
			isa = PBXNativeTarget;
			buildConfigurationList = 84A06AF2291A4A8400346A68 /* Build configuration list for PBXNativeTarget "TrafficSeques_programmaticTests" */;
			buildPhases = (
				84A06AD7291A4A8300346A68 /* Sources */,
				84A06AD8291A4A8300346A68 /* Frameworks */,
				84A06AD9291A4A8300346A68 /* Resources */,
			);
			buildRules = (
			);
			dependencies = (
				84A06ADD291A4A8300346A68 /* PBXTargetDependency */,
			);
			name = TrafficSeques_programmaticTests;
			productName = TrafficSeques_programmaticTests;
			productReference = 84A06ADB291A4A8300346A68 /* TrafficSeques_programmaticTests.xctest */;
			productType = "com.apple.product-type.bundle.unit-test";
		};
		84A06AE4291A4A8400346A68 /* TrafficSeques_programmaticUITests */ = {
			isa = PBXNativeTarget;
			buildConfigurationList = 84A06AF5291A4A8400346A68 /* Build configuration list for PBXNativeTarget "TrafficSeques_programmaticUITests" */;
			buildPhases = (
				84A06AE1291A4A8400346A68 /* Sources */,
				84A06AE2291A4A8400346A68 /* Frameworks */,
				84A06AE3291A4A8400346A68 /* Resources */,
			);
			buildRules = (
			);
			dependencies = (
				84A06AE7291A4A8400346A68 /* PBXTargetDependency */,
			);
			name = TrafficSeques_programmaticUITests;
			productName = TrafficSeques_programmaticUITests;
			productReference = 84A06AE5291A4A8400346A68 /* TrafficSeques_programmaticUITests.xctest */;
			productType = "com.apple.product-type.bundle.ui-testing";
		};
/* End PBXNativeTarget section */

/* Begin PBXProject section */
		84A06ABD291A4A8300346A68 /* Project object */ = {
			isa = PBXProject;
			attributes = {
				BuildIndependentTargetsInParallel = 1;
				LastSwiftUpdateCheck = 1320;
				LastUpgradeCheck = 1320;
				TargetAttributes = {
					84A06AC4291A4A8300346A68 = {
						CreatedOnToolsVersion = 13.2.1;
					};
					84A06ADA291A4A8300346A68 = {
						CreatedOnToolsVersion = 13.2.1;
						TestTargetID = 84A06AC4291A4A8300346A68;
					};
					84A06AE4291A4A8400346A68 = {
						CreatedOnToolsVersion = 13.2.1;
						TestTargetID = 84A06AC4291A4A8300346A68;
					};
				};
			};
			buildConfigurationList = 84A06AC0291A4A8300346A68 /* Build configuration list for PBXProject "TrafficSeques_programmatic" */;
			compatibilityVersion = "Xcode 13.0";
			developmentRegion = en;
			hasScannedForEncodings = 0;
			knownRegions = (
				en,
				Base,
			);
			mainGroup = 84A06ABC291A4A8300346A68;
			productRefGroup = 84A06AC6291A4A8300346A68 /* Products */;
			projectDirPath = "";
			projectRoot = "";
			targets = (
				84A06AC4291A4A8300346A68 /* TrafficSeques_programmatic */,
				84A06ADA291A4A8300346A68 /* TrafficSeques_programmaticTests */,
				84A06AE4291A4A8400346A68 /* TrafficSeques_programmaticUITests */,
			);
		};
/* End PBXProject section */

/* Begin PBXResourcesBuildPhase section */
		84A06AC3291A4A8300346A68 /* Resources */ = {
			isa = PBXResourcesBuildPhase;
			buildActionMask = 2147483647;
			files = (
				84A06AD5291A4A8300346A68 /* LaunchScreen.storyboard in Resources */,
				84A06AD2291A4A8300346A68 /* Assets.xcassets in Resources */,
				84A06AD0291A4A8300346A68 /* Main.storyboard in Resources */,
			);
			runOnlyForDeploymentPostprocessing = 0;
		};
		84A06AD9291A4A8300346A68 /* Resources */ = {
			isa = PBXResourcesBuildPhase;
			buildActionMask = 2147483647;
			files = (
			);
			runOnlyForDeploymentPostprocessing = 0;
		};
		84A06AE3291A4A8400346A68 /* Resources */ = {
			isa = PBXResourcesBuildPhase;
			buildActionMask = 2147483647;
			files = (
			);
			runOnlyForDeploymentPostprocessing = 0;
		};
/* End PBXResourcesBuildPhase section */

/* Begin PBXSourcesBuildPhase section */
		84A06AC1291A4A8300346A68 /* Sources */ = {
			isa = PBXSourcesBuildPhase;
			buildActionMask = 2147483647;
			files = (
				84A06ACD291A4A8300346A68 /* ViewController.swift in Sources */,
				84A06AC9291A4A8300346A68 /* AppDelegate.swift in Sources */,
				84A06ACB291A4A8300346A68 /* SceneDelegate.swift in Sources */,
			);
			runOnlyForDeploymentPostprocessing = 0;
		};
		84A06AD7291A4A8300346A68 /* Sources */ = {
			isa = PBXSourcesBuildPhase;
			buildActionMask = 2147483647;
			files = (
				84A06AE0291A4A8300346A68 /* TrafficSeques_programmaticTests.swift in Sources */,
			);
			runOnlyForDeploymentPostprocessing = 0;
		};
		84A06AE1291A4A8400346A68 /* Sources */ = {
			isa = PBXSourcesBuildPhase;
			buildActionMask = 2147483647;
			files = (
				84A06AEC291A4A8400346A68 /* TrafficSeques_programmaticUITestsLaunchTests.swift in Sources */,
				84A06AEA291A4A8400346A68 /* TrafficSeques_programmaticUITests.swift in Sources */,
			);
			runOnlyForDeploymentPostprocessing = 0;
		};
/* End PBXSourcesBuildPhase section */

/* Begin PBXTargetDependency section */
		84A06ADD291A4A8300346A68 /* PBXTargetDependency */ = {
			isa = PBXTargetDependency;
			target = 84A06AC4291A4A8300346A68 /* TrafficSeques_programmatic */;
			targetProxy = 84A06ADC291A4A8300346A68 /* PBXContainerItemProxy */;
		};
		84A06AE7291A4A8400346A68 /* PBXTargetDependency */ = {
			isa = PBXTargetDependency;
			target = 84A06AC4291A4A8300346A68 /* TrafficSeques_programmatic */;
			targetProxy = 84A06AE6291A4A8400346A68 /* PBXContainerItemProxy */;
		};
/* End PBXTargetDependency section */

/* Begin PBXVariantGroup section */
		84A06ACE291A4A8300346A68 /* Main.storyboard */ = {
			isa = PBXVariantGroup;
			children = (
				84A06ACF291A4A8300346A68 /* Base */,
			);
			name = Main.storyboard;
			sourceTree = "<group>";
		};
		84A06AD3291A4A8300346A68 /* LaunchScreen.storyboard */ = {
			isa = PBXVariantGroup;
			children = (
				84A06AD4291A4A8300346A68 /* Base */,
			);
			name = LaunchScreen.storyboard;
			sourceTree = "<group>";
		};
/* End PBXVariantGroup section */

/* Begin XCBuildConfiguration section */
		84A06AED291A4A8400346A68 /* Debug */ = {
			isa = XCBuildConfiguration;
			buildSettings = {
				ALWAYS_SEARCH_USER_PATHS = NO;
				CLANG_ANALYZER_NONNULL = YES;
				CLANG_ANALYZER_NUMBER_OBJECT_CONVERSION = YES_AGGRESSIVE;
				CLANG_CXX_LANGUAGE_STANDARD = "gnu++17";
				CLANG_CXX_LIBRARY = "libc++";
				CLANG_ENABLE_MODULES = YES;
				CLANG_ENABLE_OBJC_ARC = YES;
				CLANG_ENABLE_OBJC_WEAK = YES;
				CLANG_WARN_BLOCK_CAPTURE_AUTORELEASING = YES;
				CLANG_WARN_BOOL_CONVERSION = YES;
				CLANG_WARN_COMMA = YES;
				CLANG_WARN_CONSTANT_CONVERSION = YES;
				CLANG_WARN_DEPRECATED_OBJC_IMPLEMENTATIONS = YES;
				CLANG_WARN_DIRECT_OBJC_ISA_USAGE = YES_ERROR;
				CLANG_WARN_DOCUMENTATION_COMMENTS = YES;
				CLANG_WARN_EMPTY_BODY = YES;
				CLANG_WARN_ENUM_CONVERSION = YES;
				CLANG_WARN_INFINITE_RECURSION = YES;
				CLANG_WARN_INT_CONVERSION = YES;
				CLANG_WARN_NON_LITERAL_NULL_CONVERSION = YES;
				CLANG_WARN_OBJC_IMPLICIT_RETAIN_SELF = YES;
				CLANG_WARN_OBJC_LITERAL_CONVERSION = YES;
				CLANG_WARN_OBJC_ROOT_CLASS = YES_ERROR;
				CLANG_WARN_QUOTED_INCLUDE_IN_FRAMEWORK_HEADER = YES;
				CLANG_WARN_RANGE_LOOP_ANALYSIS = YES;
				CLANG_WARN_STRICT_PROTOTYPES = YES;
				CLANG_WARN_SUSPICIOUS_MOVE = YES;
				CLANG_WARN_UNGUARDED_AVAILABILITY = YES_AGGRESSIVE;
				CLANG_WARN_UNREACHABLE_CODE = YES;
				CLANG_WARN__DUPLICATE_METHOD_MATCH = YES;
				COPY_PHASE_STRIP = NO;
				DEBUG_INFORMATION_FORMAT = dwarf;
				ENABLE_STRICT_OBJC_MSGSEND = YES;
				ENABLE_TESTABILITY = YES;
				GCC_C_LANGUAGE_STANDARD = gnu11;
				GCC_DYNAMIC_NO_PIC = NO;
				GCC_NO_COMMON_BLOCKS = YES;
				GCC_OPTIMIZATION_LEVEL = 0;
				GCC_PREPROCESSOR_DEFINITIONS = (
					"DEBUG=1",
					"$(inherited)",
				);
				GCC_WARN_64_TO_32_BIT_CONVERSION = YES;
				GCC_WARN_ABOUT_RETURN_TYPE = YES_ERROR;
				GCC_WARN_UNDECLARED_SELECTOR = YES;
				GCC_WARN_UNINITIALIZED_AUTOS = YES_AGGRESSIVE;
				GCC_WARN_UNUSED_FUNCTION = YES;
				GCC_WARN_UNUSED_VARIABLE = YES;
				IPHONEOS_DEPLOYMENT_TARGET = 15.2;
				MTL_ENABLE_DEBUG_INFO = INCLUDE_SOURCE;
				MTL_FAST_MATH = YES;
				ONLY_ACTIVE_ARCH = YES;
				SDKROOT = iphoneos;
				SWIFT_ACTIVE_COMPILATION_CONDITIONS = DEBUG;
				SWIFT_OPTIMIZATION_LEVEL = "-Onone";
			};
			name = Debug;
		};
		84A06AEE291A4A8400346A68 /* Release */ = {
			isa = XCBuildConfiguration;
			buildSettings = {
				ALWAYS_SEARCH_USER_PATHS = NO;
				CLANG_ANALYZER_NONNULL = YES;
				CLANG_ANALYZER_NUMBER_OBJECT_CONVERSION = YES_AGGRESSIVE;
				CLANG_CXX_LANGUAGE_STANDARD = "gnu++17";
				CLANG_CXX_LIBRARY = "libc++";
				CLANG_ENABLE_MODULES = YES;
				CLANG_ENABLE_OBJC_ARC = YES;
				CLANG_ENABLE_OBJC_WEAK = YES;
				CLANG_WARN_BLOCK_CAPTURE_AUTORELEASING = YES;
				CLANG_WARN_BOOL_CONVERSION = YES;
				CLANG_WARN_COMMA = YES;
				CLANG_WARN_CONSTANT_CONVERSION = YES;
				CLANG_WARN_DEPRECATED_OBJC_IMPLEMENTATIONS = YES;
				CLANG_WARN_DIRECT_OBJC_ISA_USAGE = YES_ERROR;
				CLANG_WARN_DOCUMENTATION_COMMENTS = YES;
				CLANG_WARN_EMPTY_BODY = YES;
				CLANG_WARN_ENUM_CONVERSION = YES;
				CLANG_WARN_INFINITE_RECURSION = YES;
				CLANG_WARN_INT_CONVERSION = YES;
				CLANG_WARN_NON_LITERAL_NULL_CONVERSION = YES;
				CLANG_WARN_OBJC_IMPLICIT_RETAIN_SELF = YES;
				CLANG_WARN_OBJC_LITERAL_CONVERSION = YES;
				CLANG_WARN_OBJC_ROOT_CLASS = YES_ERROR;
				CLANG_WARN_QUOTED_INCLUDE_IN_FRAMEWORK_HEADER = YES;
				CLANG_WARN_RANGE_LOOP_ANALYSIS = YES;
				CLANG_WARN_STRICT_PROTOTYPES = YES;
				CLANG_WARN_SUSPICIOUS_MOVE = YES;
				CLANG_WARN_UNGUARDED_AVAILABILITY = YES_AGGRESSIVE;
				CLANG_WARN_UNREACHABLE_CODE = YES;
				CLANG_WARN__DUPLICATE_METHOD_MATCH = YES;
				COPY_PHASE_STRIP = NO;
				DEBUG_INFORMATION_FORMAT = "dwarf-with-dsym";
				ENABLE_NS_ASSERTIONS = NO;
				ENABLE_STRICT_OBJC_MSGSEND = YES;
				GCC_C_LANGUAGE_STANDARD = gnu11;
				GCC_NO_COMMON_BLOCKS = YES;
				GCC_WARN_64_TO_32_BIT_CONVERSION = YES;
				GCC_WARN_ABOUT_RETURN_TYPE = YES_ERROR;
				GCC_WARN_UNDECLARED_SELECTOR = YES;
				GCC_WARN_UNINITIALIZED_AUTOS = YES_AGGRESSIVE;
				GCC_WARN_UNUSED_FUNCTION = YES;
				GCC_WARN_UNUSED_VARIABLE = YES;
				IPHONEOS_DEPLOYMENT_TARGET = 15.2;
				MTL_ENABLE_DEBUG_INFO = NO;
				MTL_FAST_MATH = YES;
				SDKROOT = iphoneos;
				SWIFT_COMPILATION_MODE = wholemodule;
				SWIFT_OPTIMIZATION_LEVEL = "-O";
				VALIDATE_PRODUCT = YES;
			};
			name = Release;
		};
		84A06AF0291A4A8400346A68 /* Debug */ = {
			isa = XCBuildConfiguration;
			buildSettings = {
				ASSETCATALOG_COMPILER_APPICON_NAME = AppIcon;
				ASSETCATALOG_COMPILER_GLOBAL_ACCENT_COLOR_NAME = AccentColor;
				CODE_SIGN_STYLE = Automatic;
				CURRENT_PROJECT_VERSION = 1;
				GENERATE_INFOPLIST_FILE = YES;
				INFOPLIST_FILE = TrafficSeques_programmatic/Info.plist;
				INFOPLIST_KEY_UIApplicationSupportsIndirectInputEvents = YES;
				INFOPLIST_KEY_UILaunchStoryboardName = LaunchScreen;
				INFOPLIST_KEY_UIMainStoryboardFile = Main;
				INFOPLIST_KEY_UISupportedInterfaceOrientations_iPad = "UIInterfaceOrientationPortrait UIInterfaceOrientationPortraitUpsideDown UIInterfaceOrientationLandscapeLeft UIInterfaceOrientationLandscapeRight";
				INFOPLIST_KEY_UISupportedInterfaceOrientations_iPhone = "UIInterfaceOrientationPortrait UIInterfaceOrientationLandscapeLeft UIInterfaceOrientationLandscapeRight";
				LD_RUNPATH_SEARCH_PATHS = (
					"$(inherited)",
					"@executable_path/Frameworks",
				);
				MARKETING_VERSION = 1.0;
				PRODUCT_BUNDLE_IDENTIFIER = "in.edu.srmist.TrafficSeques-programmatic";
				PRODUCT_NAME = "$(TARGET_NAME)";
				SWIFT_EMIT_LOC_STRINGS = YES;
				SWIFT_VERSION = 5.0;
				TARGETED_DEVICE_FAMILY = "1,2";
			};
			name = Debug;
		};
		84A06AF1291A4A8400346A68 /* Release */ = {
			isa = XCBuildConfiguration;
			buildSettings = {
				ASSETCATALOG_COMPILER_APPICON_NAME = AppIcon;
				ASSETCATALOG_COMPILER_GLOBAL_ACCENT_COLOR_NAME = AccentColor;
				CODE_SIGN_STYLE = Automatic;
				CURRENT_PROJECT_VERSION = 1;
				GENERATE_INFOPLIST_FILE = YES;
				INFOPLIST_FILE = TrafficSeques_programmatic/Info.plist;
				INFOPLIST_KEY_UIApplicationSupportsIndirectInputEvents = YES;
				INFOPLIST_KEY_UILaunchStoryboardName = LaunchScreen;
				INFOPLIST_KEY_UIMainStoryboardFile = Main;
				INFOPLIST_KEY_UISupportedInterfaceOrientations_iPad = "UIInterfaceOrientationPortrait UIInterfaceOrientationPortraitUpsideDown UIInterfaceOrientationLandscapeLeft UIInterfaceOrientationLandscapeRight";
				INFOPLIST_KEY_UISupportedInterfaceOrientations_iPhone = "UIInterfaceOrientationPortrait UIInterfaceOrientationLandscapeLeft UIInterfaceOrientationLandscapeRight";
				LD_RUNPATH_SEARCH_PATHS = (
					"$(inherited)",
					"@executable_path/Frameworks",
				);
				MARKETING_VERSION = 1.0;
				PRODUCT_BUNDLE_IDENTIFIER = "in.edu.srmist.TrafficSeques-programmatic";
				PRODUCT_NAME = "$(TARGET_NAME)";
				SWIFT_EMIT_LOC_STRINGS = YES;
				SWIFT_VERSION = 5.0;
				TARGETED_DEVICE_FAMILY = "1,2";
			};
			name = Release;
		};
		84A06AF3291A4A8400346A68 /* Debug */ = {
			isa = XCBuildConfiguration;
			buildSettings = {
				ALWAYS_EMBED_SWIFT_STANDARD_LIBRARIES = YES;
				BUNDLE_LOADER = "$(TEST_HOST)";
				CODE_SIGN_STYLE = Automatic;
				CURRENT_PROJECT_VERSION = 1;
				GENERATE_INFOPLIST_FILE = YES;
				IPHONEOS_DEPLOYMENT_TARGET = 15.2;
				MARKETING_VERSION = 1.0;
				PRODUCT_BUNDLE_IDENTIFIER = "in.edu.srmist.TrafficSeques-programmaticTests";
				PRODUCT_NAME = "$(TARGET_NAME)";
				SWIFT_EMIT_LOC_STRINGS = NO;
				SWIFT_VERSION = 5.0;
				TARGETED_DEVICE_FAMILY = "1,2";
				TEST_HOST = "$(BUILT_PRODUCTS_DIR)/TrafficSeques_programmatic.app/TrafficSeques_programmatic";
			};
			name = Debug;
		};
		84A06AF4291A4A8400346A68 /* Release */ = {
			isa = XCBuildConfiguration;
			buildSettings = {
				ALWAYS_EMBED_SWIFT_STANDARD_LIBRARIES = YES;
				BUNDLE_LOADER = "$(TEST_HOST)";
				CODE_SIGN_STYLE = Automatic;
				CURRENT_PROJECT_VERSION = 1;
				GENERATE_INFOPLIST_FILE = YES;
				IPHONEOS_DEPLOYMENT_TARGET = 15.2;
				MARKETING_VERSION = 1.0;
				PRODUCT_BUNDLE_IDENTIFIER = "in.edu.srmist.TrafficSeques-programmaticTests";
				PRODUCT_NAME = "$(TARGET_NAME)";
				SWIFT_EMIT_LOC_STRINGS = NO;
				SWIFT_VERSION = 5.0;
				TARGETED_DEVICE_FAMILY = "1,2";
				TEST_HOST = "$(BUILT_PRODUCTS_DIR)/TrafficSeques_programmatic.app/TrafficSeques_programmatic";
			};
			name = Release;
		};
		84A06AF6291A4A8400346A68 /* Debug */ = {
			isa = XCBuildConfiguration;
			buildSettings = {
				ALWAYS_EMBED_SWIFT_STANDARD_LIBRARIES = YES;
				CODE_SIGN_STYLE = Automatic;
				CURRENT_PROJECT_VERSION = 1;
				GENERATE_INFOPLIST_FILE = YES;
				MARKETING_VERSION = 1.0;
				PRODUCT_BUNDLE_IDENTIFIER = "in.edu.srmist.TrafficSeques-programmaticUITests";
				PRODUCT_NAME = "$(TARGET_NAME)";
				SWIFT_EMIT_LOC_STRINGS = NO;
				SWIFT_VERSION = 5.0;
				TARGETED_DEVICE_FAMILY = "1,2";
				TEST_TARGET_NAME = TrafficSeques_programmatic;
			};
			name = Debug;
		};
		84A06AF7291A4A8400346A68 /* Release */ = {
			isa = XCBuildConfiguration;
			buildSettings = {
				ALWAYS_EMBED_SWIFT_STANDARD_LIBRARIES = YES;
				CODE_SIGN_STYLE = Automatic;
				CURRENT_PROJECT_VERSION = 1;
				GENERATE_INFOPLIST_FILE = YES;
				MARKETING_VERSION = 1.0;
				PRODUCT_BUNDLE_IDENTIFIER = "in.edu.srmist.TrafficSeques-programmaticUITests";
				PRODUCT_NAME = "$(TARGET_NAME)";
				SWIFT_EMIT_LOC_STRINGS = NO;
				SWIFT_VERSION = 5.0;
				TARGETED_DEVICE_FAMILY = "1,2";
				TEST_TARGET_NAME = TrafficSeques_programmatic;
			};
			name = Release;
		};
/* End XCBuildConfiguration section */

/* Begin XCConfigurationList section */
		84A06AC0291A4A8300346A68 /* Build configuration list for PBXProject "TrafficSeques_programmatic" */ = {
			isa = XCConfigurationList;
			buildConfigurations = (
				84A06AED291A4A8400346A68 /* Debug */,
				84A06AEE291A4A8400346A68 /* Release */,
			);
			defaultConfigurationIsVisible = 0;
			defaultConfigurationName = Release;
		};
		84A06AEF291A4A8400346A68 /* Build configuration list for PBXNativeTarget "TrafficSeques_programmatic" */ = {
			isa = XCConfigurationList;
			buildConfigurations = (
				84A06AF0291A4A8400346A68 /* Debug */,
				84A06AF1291A4A8400346A68 /* Release */,
			);
			defaultConfigurationIsVisible = 0;
			defaultConfigurationName = Release;
		};
		84A06AF2291A4A8400346A68 /* Build configuration list for PBXNativeTarget "TrafficSeques_programmaticTests" */ = {
			isa = XCConfigurationList;
			buildConfigurations = (
				84A06AF3291A4A8400346A68 /* Debug */,
				84A06AF4291A4A8400346A68 /* Release */,
			);
			defaultConfigurationIsVisible = 0;
			defaultConfigurationName = Release;
		};
		84A06AF5291A4A8400346A68 /* Build configuration list for PBXNativeTarget "TrafficSeques_programmaticUITests" */ = {
			isa = XCConfigurationList;
			buildConfigurations = (
				84A06AF6291A4A8400346A68 /* Debug */,
				84A06AF7291A4A8400346A68 /* Release */,
			);
			defaultConfigurationIsVisible = 0;
			defaultConfigurationName = Release;
		};
/* End XCConfigurationList section */
	};
	rootObject = 84A06ABD291A4A8300346A68 /* Project object */;
}
