// !$*UTF8*$!
{
	archiveVersion = 1;
	classes = {
	};
	objectVersion = 55;
	objects = {

/* Begin PBXBuildFile section */
		844439F72914C8B900CC5C2A /* AppDelegate.swift in Sources */ = {isa = PBXBuildFile; fileRef = 844439F62914C8B900CC5C2A /* AppDelegate.swift */; };
		844439F92914C8B900CC5C2A /* SceneDelegate.swift in Sources */ = {isa = PBXBuildFile; fileRef = 844439F82914C8B900CC5C2A /* SceneDelegate.swift */; };
		844439FB2914C8B900CC5C2A /* ViewController.swift in Sources */ = {isa = PBXBuildFile; fileRef = 844439FA2914C8B900CC5C2A /* ViewController.swift */; };
		844439FE2914C8B900CC5C2A /* Main.storyboard in Resources */ = {isa = PBXBuildFile; fileRef = 844439FC2914C8B900CC5C2A /* Main.storyboard */; };
		84443A002914C8B900CC5C2A /* Assets.xcassets in Resources */ = {isa = PBXBuildFile; fileRef = 844439FF2914C8B900CC5C2A /* Assets.xcassets */; };
		84443A032914C8B900CC5C2A /* LaunchScreen.storyboard in Resources */ = {isa = PBXBuildFile; fileRef = 84443A012914C8B900CC5C2A /* LaunchScreen.storyboard */; };
		84443A0E2914C8B900CC5C2A /* chessTests.swift in Sources */ = {isa = PBXBuildFile; fileRef = 84443A0D2914C8B900CC5C2A /* chessTests.swift */; };
		84443A182914C8B900CC5C2A /* chessUITests.swift in Sources */ = {isa = PBXBuildFile; fileRef = 84443A172914C8B900CC5C2A /* chessUITests.swift */; };
		84443A1A2914C8B900CC5C2A /* chessUITestsLaunchTests.swift in Sources */ = {isa = PBXBuildFile; fileRef = 84443A192914C8B900CC5C2A /* chessUITestsLaunchTests.swift */; };
/* End PBXBuildFile section */

/* Begin PBXContainerItemProxy section */
		84443A0A2914C8B900CC5C2A /* PBXContainerItemProxy */ = {
			isa = PBXContainerItemProxy;
			containerPortal = 844439EB2914C8B800CC5C2A /* Project object */;
			proxyType = 1;
			remoteGlobalIDString = 844439F22914C8B900CC5C2A;
			remoteInfo = chess;
		};
		84443A142914C8B900CC5C2A /* PBXContainerItemProxy */ = {
			isa = PBXContainerItemProxy;
			containerPortal = 844439EB2914C8B800CC5C2A /* Project object */;
			proxyType = 1;
			remoteGlobalIDString = 844439F22914C8B900CC5C2A;
			remoteInfo = chess;
		};
/* End PBXContainerItemProxy section */

/* Begin PBXFileReference section */
		844439F32914C8B900CC5C2A /* chess.app */ = {isa = PBXFileReference; explicitFileType = wrapper.application; includeInIndex = 0; path = chess.app; sourceTree = BUILT_PRODUCTS_DIR; };
		844439F62914C8B900CC5C2A /* AppDelegate.swift */ = {isa = PBXFileReference; lastKnownFileType = sourcecode.swift; path = AppDelegate.swift; sourceTree = "<group>"; };
		844439F82914C8B900CC5C2A /* SceneDelegate.swift */ = {isa = PBXFileReference; lastKnownFileType = sourcecode.swift; path = SceneDelegate.swift; sourceTree = "<group>"; };
		844439FA2914C8B900CC5C2A /* ViewController.swift */ = {isa = PBXFileReference; lastKnownFileType = sourcecode.swift; path = ViewController.swift; sourceTree = "<group>"; };
		844439FD2914C8B900CC5C2A /* Base */ = {isa = PBXFileReference; lastKnownFileType = file.storyboard; name = Base; path = Base.lproj/Main.storyboard; sourceTree = "<group>"; };
		844439FF2914C8B900CC5C2A /* Assets.xcassets */ = {isa = PBXFileReference; lastKnownFileType = folder.assetcatalog; path = Assets.xcassets; sourceTree = "<group>"; };
		84443A022914C8B900CC5C2A /* Base */ = {isa = PBXFileReference; lastKnownFileType = file.storyboard; name = Base; path = Base.lproj/LaunchScreen.storyboard; sourceTree = "<group>"; };
		84443A042914C8B900CC5C2A /* Info.plist */ = {isa = PBXFileReference; lastKnownFileType = text.plist.xml; path = Info.plist; sourceTree = "<group>"; };
		84443A092914C8B900CC5C2A /* chessTests.xctest */ = {isa = PBXFileReference; explicitFileType = wrapper.cfbundle; includeInIndex = 0; path = chessTests.xctest; sourceTree = BUILT_PRODUCTS_DIR; };
		84443A0D2914C8B900CC5C2A /* chessTests.swift */ = {isa = PBXFileReference; lastKnownFileType = sourcecode.swift; path = chessTests.swift; sourceTree = "<group>"; };
		84443A132914C8B900CC5C2A /* chessUITests.xctest */ = {isa = PBXFileReference; explicitFileType = wrapper.cfbundle; includeInIndex = 0; path = chessUITests.xctest; sourceTree = BUILT_PRODUCTS_DIR; };
		84443A172914C8B900CC5C2A /* chessUITests.swift */ = {isa = PBXFileReference; lastKnownFileType = sourcecode.swift; path = chessUITests.swift; sourceTree = "<group>"; };
		84443A192914C8B900CC5C2A /* chessUITestsLaunchTests.swift */ = {isa = PBXFileReference; lastKnownFileType = sourcecode.swift; path = chessUITestsLaunchTests.swift; sourceTree = "<group>"; };
/* End PBXFileReference section */

/* Begin PBXFrameworksBuildPhase section */
		844439F02914C8B900CC5C2A /* Frameworks */ = {
			isa = PBXFrameworksBuildPhase;
			buildActionMask = 2147483647;
			files = (
			);
			runOnlyForDeploymentPostprocessing = 0;
		};
		84443A062914C8B900CC5C2A /* Frameworks */ = {
			isa = PBXFrameworksBuildPhase;
			buildActionMask = 2147483647;
			files = (
			);
			runOnlyForDeploymentPostprocessing = 0;
		};
		84443A102914C8B900CC5C2A /* Frameworks */ = {
			isa = PBXFrameworksBuildPhase;
			buildActionMask = 2147483647;
			files = (
			);
			runOnlyForDeploymentPostprocessing = 0;
		};
/* End PBXFrameworksBuildPhase section */

/* Begin PBXGroup section */
		844439EA2914C8B800CC5C2A = {
			isa = PBXGroup;
			children = (
				844439F52914C8B900CC5C2A /* chess */,
				84443A0C2914C8B900CC5C2A /* chessTests */,
				84443A162914C8B900CC5C2A /* chessUITests */,
				844439F42914C8B900CC5C2A /* Products */,
			);
			sourceTree = "<group>";
		};
		844439F42914C8B900CC5C2A /* Products */ = {
			isa = PBXGroup;
			children = (
				844439F32914C8B900CC5C2A /* chess.app */,
				84443A092914C8B900CC5C2A /* chessTests.xctest */,
				84443A132914C8B900CC5C2A /* chessUITests.xctest */,
			);
			name = Products;
			sourceTree = "<group>";
		};
		844439F52914C8B900CC5C2A /* chess */ = {
			isa = PBXGroup;
			children = (
				844439F62914C8B900CC5C2A /* AppDelegate.swift */,
				844439F82914C8B900CC5C2A /* SceneDelegate.swift */,
				844439FA2914C8B900CC5C2A /* ViewController.swift */,
				844439FC2914C8B900CC5C2A /* Main.storyboard */,
				844439FF2914C8B900CC5C2A /* Assets.xcassets */,
				84443A012914C8B900CC5C2A /* LaunchScreen.storyboard */,
				84443A042914C8B900CC5C2A /* Info.plist */,
			);
			path = chess;
			sourceTree = "<group>";
		};
		84443A0C2914C8B900CC5C2A /* chessTests */ = {
			isa = PBXGroup;
			children = (
				84443A0D2914C8B900CC5C2A /* chessTests.swift */,
			);
			path = chessTests;
			sourceTree = "<group>";
		};
		84443A162914C8B900CC5C2A /* chessUITests */ = {
			isa = PBXGroup;
			children = (
				84443A172914C8B900CC5C2A /* chessUITests.swift */,
				84443A192914C8B900CC5C2A /* chessUITestsLaunchTests.swift */,
			);
			path = chessUITests;
			sourceTree = "<group>";
		};
/* End PBXGroup section */

/* Begin PBXNativeTarget section */
		844439F22914C8B900CC5C2A /* chess */ = {
			isa = PBXNativeTarget;
			buildConfigurationList = 84443A1D2914C8B900CC5C2A /* Build configuration list for PBXNativeTarget "chess" */;
			buildPhases = (
				844439EF2914C8B900CC5C2A /* Sources */,
				844439F02914C8B900CC5C2A /* Frameworks */,
				844439F12914C8B900CC5C2A /* Resources */,
			);
			buildRules = (
			);
			dependencies = (
			);
			name = chess;
			productName = chess;
			productReference = 844439F32914C8B900CC5C2A /* chess.app */;
			productType = "com.apple.product-type.application";
		};
		84443A082914C8B900CC5C2A /* chessTests */ = {
			isa = PBXNativeTarget;
			buildConfigurationList = 84443A202914C8B900CC5C2A /* Build configuration list for PBXNativeTarget "chessTests" */;
			buildPhases = (
				84443A052914C8B900CC5C2A /* Sources */,
				84443A062914C8B900CC5C2A /* Frameworks */,
				84443A072914C8B900CC5C2A /* Resources */,
			);
			buildRules = (
			);
			dependencies = (
				84443A0B2914C8B900CC5C2A /* PBXTargetDependency */,
			);
			name = chessTests;
			productName = chessTests;
			productReference = 84443A092914C8B900CC5C2A /* chessTests.xctest */;
			productType = "com.apple.product-type.bundle.unit-test";
		};
		84443A122914C8B900CC5C2A /* chessUITests */ = {
			isa = PBXNativeTarget;
			buildConfigurationList = 84443A232914C8B900CC5C2A /* Build configuration list for PBXNativeTarget "chessUITests" */;
			buildPhases = (
				84443A0F2914C8B900CC5C2A /* Sources */,
				84443A102914C8B900CC5C2A /* Frameworks */,
				84443A112914C8B900CC5C2A /* Resources */,
			);
			buildRules = (
			);
			dependencies = (
				84443A152914C8B900CC5C2A /* PBXTargetDependency */,
			);
			name = chessUITests;
			productName = chessUITests;
			productReference = 84443A132914C8B900CC5C2A /* chessUITests.xctest */;
			productType = "com.apple.product-type.bundle.ui-testing";
		};
/* End PBXNativeTarget section */

/* Begin PBXProject section */
		844439EB2914C8B800CC5C2A /* Project object */ = {
			isa = PBXProject;
			attributes = {
				BuildIndependentTargetsInParallel = 1;
				LastSwiftUpdateCheck = 1320;
				LastUpgradeCheck = 1320;
				TargetAttributes = {
					844439F22914C8B900CC5C2A = {
						CreatedOnToolsVersion = 13.2.1;
					};
					84443A082914C8B900CC5C2A = {
						CreatedOnToolsVersion = 13.2.1;
						TestTargetID = 844439F22914C8B900CC5C2A;
					};
					84443A122914C8B900CC5C2A = {
						CreatedOnToolsVersion = 13.2.1;
						TestTargetID = 844439F22914C8B900CC5C2A;
					};
				};
			};
			buildConfigurationList = 844439EE2914C8B800CC5C2A /* Build configuration list for PBXProject "chess" */;
			compatibilityVersion = "Xcode 13.0";
			developmentRegion = en;
			hasScannedForEncodings = 0;
			knownRegions = (
				en,
				Base,
			);
			mainGroup = 844439EA2914C8B800CC5C2A;
			productRefGroup = 844439F42914C8B900CC5C2A /* Products */;
			projectDirPath = "";
			projectRoot = "";
			targets = (
				844439F22914C8B900CC5C2A /* chess */,
				84443A082914C8B900CC5C2A /* chessTests */,
				84443A122914C8B900CC5C2A /* chessUITests */,
			);
		};
/* End PBXProject section */

/* Begin PBXResourcesBuildPhase section */
		844439F12914C8B900CC5C2A /* Resources */ = {
			isa = PBXResourcesBuildPhase;
			buildActionMask = 2147483647;
			files = (
				84443A032914C8B900CC5C2A /* LaunchScreen.storyboard in Resources */,
				84443A002914C8B900CC5C2A /* Assets.xcassets in Resources */,
				844439FE2914C8B900CC5C2A /* Main.storyboard in Resources */,
			);
			runOnlyForDeploymentPostprocessing = 0;
		};
		84443A072914C8B900CC5C2A /* Resources */ = {
			isa = PBXResourcesBuildPhase;
			buildActionMask = 2147483647;
			files = (
			);
			runOnlyForDeploymentPostprocessing = 0;
		};
		84443A112914C8B900CC5C2A /* Resources */ = {
			isa = PBXResourcesBuildPhase;
			buildActionMask = 2147483647;
			files = (
			);
			runOnlyForDeploymentPostprocessing = 0;
		};
/* End PBXResourcesBuildPhase section */

/* Begin PBXSourcesBuildPhase section */
		844439EF2914C8B900CC5C2A /* Sources */ = {
			isa = PBXSourcesBuildPhase;
			buildActionMask = 2147483647;
			files = (
				844439FB2914C8B900CC5C2A /* ViewController.swift in Sources */,
				844439F72914C8B900CC5C2A /* AppDelegate.swift in Sources */,
				844439F92914C8B900CC5C2A /* SceneDelegate.swift in Sources */,
			);
			runOnlyForDeploymentPostprocessing = 0;
		};
		84443A052914C8B900CC5C2A /* Sources */ = {
			isa = PBXSourcesBuildPhase;
			buildActionMask = 2147483647;
			files = (
				84443A0E2914C8B900CC5C2A /* chessTests.swift in Sources */,
			);
			runOnlyForDeploymentPostprocessing = 0;
		};
		84443A0F2914C8B900CC5C2A /* Sources */ = {
			isa = PBXSourcesBuildPhase;
			buildActionMask = 2147483647;
			files = (
				84443A182914C8B900CC5C2A /* chessUITests.swift in Sources */,
				84443A1A2914C8B900CC5C2A /* chessUITestsLaunchTests.swift in Sources */,
			);
			runOnlyForDeploymentPostprocessing = 0;
		};
/* End PBXSourcesBuildPhase section */

/* Begin PBXTargetDependency section */
		84443A0B2914C8B900CC5C2A /* PBXTargetDependency */ = {
			isa = PBXTargetDependency;
			target = 844439F22914C8B900CC5C2A /* chess */;
			targetProxy = 84443A0A2914C8B900CC5C2A /* PBXContainerItemProxy */;
		};
		84443A152914C8B900CC5C2A /* PBXTargetDependency */ = {
			isa = PBXTargetDependency;
			target = 844439F22914C8B900CC5C2A /* chess */;
			targetProxy = 84443A142914C8B900CC5C2A /* PBXContainerItemProxy */;
		};
/* End PBXTargetDependency section */

/* Begin PBXVariantGroup section */
		844439FC2914C8B900CC5C2A /* Main.storyboard */ = {
			isa = PBXVariantGroup;
			children = (
				844439FD2914C8B900CC5C2A /* Base */,
			);
			name = Main.storyboard;
			sourceTree = "<group>";
		};
		84443A012914C8B900CC5C2A /* LaunchScreen.storyboard */ = {
			isa = PBXVariantGroup;
			children = (
				84443A022914C8B900CC5C2A /* Base */,
			);
			name = LaunchScreen.storyboard;
			sourceTree = "<group>";
		};
/* End PBXVariantGroup section */

/* Begin XCBuildConfiguration section */
		84443A1B2914C8B900CC5C2A /* Debug */ = {
			isa = XCBuildConfiguration;
			buildSettings = {
				ALWAYS_SEARCH_USER_PATHS = NO;
				CLANG_ANALYZER_NONNULL = YES;
				CLANG_ANALYZER_NUMBER_OBJECT_CONVERSION = YES_AGGRESSIVE;
				CLANG_CXX_LANGUAGE_STANDARD = "gnu++17";
				CLANG_CXX_LIBRARY = "libc++";
				CLANG_ENABLE_MODULES = YES;
				CLANG_ENABLE_OBJC_ARC = YES;
				CLANG_ENABLE_OBJC_WEAK = YES;
				CLANG_WARN_BLOCK_CAPTURE_AUTORELEASING = YES;
				CLANG_WARN_BOOL_CONVERSION = YES;
				CLANG_WARN_COMMA = YES;
				CLANG_WARN_CONSTANT_CONVERSION = YES;
				CLANG_WARN_DEPRECATED_OBJC_IMPLEMENTATIONS = YES;
				CLANG_WARN_DIRECT_OBJC_ISA_USAGE = YES_ERROR;
				CLANG_WARN_DOCUMENTATION_COMMENTS = YES;
				CLANG_WARN_EMPTY_BODY = YES;
				CLANG_WARN_ENUM_CONVERSION = YES;
				CLANG_WARN_INFINITE_RECURSION = YES;
				CLANG_WARN_INT_CONVERSION = YES;
				CLANG_WARN_NON_LITERAL_NULL_CONVERSION = YES;
				CLANG_WARN_OBJC_IMPLICIT_RETAIN_SELF = YES;
				CLANG_WARN_OBJC_LITERAL_CONVERSION = YES;
				CLANG_WARN_OBJC_ROOT_CLASS = YES_ERROR;
				CLANG_WARN_QUOTED_INCLUDE_IN_FRAMEWORK_HEADER = YES;
				CLANG_WARN_RANGE_LOOP_ANALYSIS = YES;
				CLANG_WARN_STRICT_PROTOTYPES = YES;
				CLANG_WARN_SUSPICIOUS_MOVE = YES;
				CLANG_WARN_UNGUARDED_AVAILABILITY = YES_AGGRESSIVE;
				CLANG_WARN_UNREACHABLE_CODE = YES;
				CLANG_WARN__DUPLICATE_METHOD_MATCH = YES;
				COPY_PHASE_STRIP = NO;
				DEBUG_INFORMATION_FORMAT = dwarf;
				ENABLE_STRICT_OBJC_MSGSEND = YES;
				ENABLE_TESTABILITY = YES;
				GCC_C_LANGUAGE_STANDARD = gnu11;
				GCC_DYNAMIC_NO_PIC = NO;
				GCC_NO_COMMON_BLOCKS = YES;
				GCC_OPTIMIZATION_LEVEL = 0;
				GCC_PREPROCESSOR_DEFINITIONS = (
					"DEBUG=1",
					"$(inherited)",
				);
				GCC_WARN_64_TO_32_BIT_CONVERSION = YES;
				GCC_WARN_ABOUT_RETURN_TYPE = YES_ERROR;
				GCC_WARN_UNDECLARED_SELECTOR = YES;
				GCC_WARN_UNINITIALIZED_AUTOS = YES_AGGRESSIVE;
				GCC_WARN_UNUSED_FUNCTION = YES;
				GCC_WARN_UNUSED_VARIABLE = YES;
				IPHONEOS_DEPLOYMENT_TARGET = 15.2;
				MTL_ENABLE_DEBUG_INFO = INCLUDE_SOURCE;
				MTL_FAST_MATH = YES;
				ONLY_ACTIVE_ARCH = YES;
				SDKROOT = iphoneos;
				SWIFT_ACTIVE_COMPILATION_CONDITIONS = DEBUG;
				SWIFT_OPTIMIZATION_LEVEL = "-Onone";
			};
			name = Debug;
		};
		84443A1C2914C8B900CC5C2A /* Release */ = {
			isa = XCBuildConfiguration;
			buildSettings = {
				ALWAYS_SEARCH_USER_PATHS = NO;
				CLANG_ANALYZER_NONNULL = YES;
				CLANG_ANALYZER_NUMBER_OBJECT_CONVERSION = YES_AGGRESSIVE;
				CLANG_CXX_LANGUAGE_STANDARD = "gnu++17";
				CLANG_CXX_LIBRARY = "libc++";
				CLANG_ENABLE_MODULES = YES;
				CLANG_ENABLE_OBJC_ARC = YES;
				CLANG_ENABLE_OBJC_WEAK = YES;
				CLANG_WARN_BLOCK_CAPTURE_AUTORELEASING = YES;
				CLANG_WARN_BOOL_CONVERSION = YES;
				CLANG_WARN_COMMA = YES;
				CLANG_WARN_CONSTANT_CONVERSION = YES;
				CLANG_WARN_DEPRECATED_OBJC_IMPLEMENTATIONS = YES;
				CLANG_WARN_DIRECT_OBJC_ISA_USAGE = YES_ERROR;
				CLANG_WARN_DOCUMENTATION_COMMENTS = YES;
				CLANG_WARN_EMPTY_BODY = YES;
				CLANG_WARN_ENUM_CONVERSION = YES;
				CLANG_WARN_INFINITE_RECURSION = YES;
				CLANG_WARN_INT_CONVERSION = YES;
				CLANG_WARN_NON_LITERAL_NULL_CONVERSION = YES;
				CLANG_WARN_OBJC_IMPLICIT_RETAIN_SELF = YES;
				CLANG_WARN_OBJC_LITERAL_CONVERSION = YES;
				CLANG_WARN_OBJC_ROOT_CLASS = YES_ERROR;
				CLANG_WARN_QUOTED_INCLUDE_IN_FRAMEWORK_HEADER = YES;
				CLANG_WARN_RANGE_LOOP_ANALYSIS = YES;
				CLANG_WARN_STRICT_PROTOTYPES = YES;
				CLANG_WARN_SUSPICIOUS_MOVE = YES;
				CLANG_WARN_UNGUARDED_AVAILABILITY = YES_AGGRESSIVE;
				CLANG_WARN_UNREACHABLE_CODE = YES;
				CLANG_WARN__DUPLICATE_METHOD_MATCH = YES;
				COPY_PHASE_STRIP = NO;
				DEBUG_INFORMATION_FORMAT = "dwarf-with-dsym";
				ENABLE_NS_ASSERTIONS = NO;
				ENABLE_STRICT_OBJC_MSGSEND = YES;
				GCC_C_LANGUAGE_STANDARD = gnu11;
				GCC_NO_COMMON_BLOCKS = YES;
				GCC_WARN_64_TO_32_BIT_CONVERSION = YES;
				GCC_WARN_ABOUT_RETURN_TYPE = YES_ERROR;
				GCC_WARN_UNDECLARED_SELECTOR = YES;
				GCC_WARN_UNINITIALIZED_AUTOS = YES_AGGRESSIVE;
				GCC_WARN_UNUSED_FUNCTION = YES;
				GCC_WARN_UNUSED_VARIABLE = YES;
				IPHONEOS_DEPLOYMENT_TARGET = 15.2;
				MTL_ENABLE_DEBUG_INFO = NO;
				MTL_FAST_MATH = YES;
				SDKROOT = iphoneos;
				SWIFT_COMPILATION_MODE = wholemodule;
				SWIFT_OPTIMIZATION_LEVEL = "-O";
				VALIDATE_PRODUCT = YES;
			};
			name = Release;
		};
		84443A1E2914C8B900CC5C2A /* Debug */ = {
			isa = XCBuildConfiguration;
			buildSettings = {
				ASSETCATALOG_COMPILER_APPICON_NAME = AppIcon;
				ASSETCATALOG_COMPILER_GLOBAL_ACCENT_COLOR_NAME = AccentColor;
				CODE_SIGN_STYLE = Automatic;
				CURRENT_PROJECT_VERSION = 1;
				GENERATE_INFOPLIST_FILE = YES;
				INFOPLIST_FILE = chess/Info.plist;
				INFOPLIST_KEY_UIApplicationSupportsIndirectInputEvents = YES;
				INFOPLIST_KEY_UILaunchStoryboardName = LaunchScreen;
				INFOPLIST_KEY_UIMainStoryboardFile = Main;
				INFOPLIST_KEY_UISupportedInterfaceOrientations_iPad = "UIInterfaceOrientationPortrait UIInterfaceOrientationPortraitUpsideDown UIInterfaceOrientationLandscapeLeft UIInterfaceOrientationLandscapeRight";
				INFOPLIST_KEY_UISupportedInterfaceOrientations_iPhone = "UIInterfaceOrientationPortrait UIInterfaceOrientationLandscapeLeft UIInterfaceOrientationLandscapeRight";
				LD_RUNPATH_SEARCH_PATHS = (
					"$(inherited)",
					"@executable_path/Frameworks",
				);
				MARKETING_VERSION = 1.0;
				PRODUCT_BUNDLE_IDENTIFIER = in.edu.srmist.chess;
				PRODUCT_NAME = "$(TARGET_NAME)";
				SWIFT_EMIT_LOC_STRINGS = YES;
				SWIFT_VERSION = 5.0;
				TARGETED_DEVICE_FAMILY = "1,2";
			};
			name = Debug;
		};
		84443A1F2914C8B900CC5C2A /* Release */ = {
			isa = XCBuildConfiguration;
			buildSettings = {
				ASSETCATALOG_COMPILER_APPICON_NAME = AppIcon;
				ASSETCATALOG_COMPILER_GLOBAL_ACCENT_COLOR_NAME = AccentColor;
				CODE_SIGN_STYLE = Automatic;
				CURRENT_PROJECT_VERSION = 1;
				GENERATE_INFOPLIST_FILE = YES;
				INFOPLIST_FILE = chess/Info.plist;
				INFOPLIST_KEY_UIApplicationSupportsIndirectInputEvents = YES;
				INFOPLIST_KEY_UILaunchStoryboardName = LaunchScreen;
				INFOPLIST_KEY_UIMainStoryboardFile = Main;
				INFOPLIST_KEY_UISupportedInterfaceOrientations_iPad = "UIInterfaceOrientationPortrait UIInterfaceOrientationPortraitUpsideDown UIInterfaceOrientationLandscapeLeft UIInterfaceOrientationLandscapeRight";
				INFOPLIST_KEY_UISupportedInterfaceOrientations_iPhone = "UIInterfaceOrientationPortrait UIInterfaceOrientationLandscapeLeft UIInterfaceOrientationLandscapeRight";
				LD_RUNPATH_SEARCH_PATHS = (
					"$(inherited)",
					"@executable_path/Frameworks",
				);
				MARKETING_VERSION = 1.0;
				PRODUCT_BUNDLE_IDENTIFIER = in.edu.srmist.chess;
				PRODUCT_NAME = "$(TARGET_NAME)";
				SWIFT_EMIT_LOC_STRINGS = YES;
				SWIFT_VERSION = 5.0;
				TARGETED_DEVICE_FAMILY = "1,2";
			};
			name = Release;
		};
		84443A212914C8B900CC5C2A /* Debug */ = {
			isa = XCBuildConfiguration;
			buildSettings = {
				ALWAYS_EMBED_SWIFT_STANDARD_LIBRARIES = YES;
				BUNDLE_LOADER = "$(TEST_HOST)";
				CODE_SIGN_STYLE = Automatic;
				CURRENT_PROJECT_VERSION = 1;
				GENERATE_INFOPLIST_FILE = YES;
				IPHONEOS_DEPLOYMENT_TARGET = 15.2;
				MARKETING_VERSION = 1.0;
				PRODUCT_BUNDLE_IDENTIFIER = in.edu.srmist.chessTests;
				PRODUCT_NAME = "$(TARGET_NAME)";
				SWIFT_EMIT_LOC_STRINGS = NO;
				SWIFT_VERSION = 5.0;
				TARGETED_DEVICE_FAMILY = "1,2";
				TEST_HOST = "$(BUILT_PRODUCTS_DIR)/chess.app/chess";
			};
			name = Debug;
		};
		84443A222914C8B900CC5C2A /* Release */ = {
			isa = XCBuildConfiguration;
			buildSettings = {
				ALWAYS_EMBED_SWIFT_STANDARD_LIBRARIES = YES;
				BUNDLE_LOADER = "$(TEST_HOST)";
				CODE_SIGN_STYLE = Automatic;
				CURRENT_PROJECT_VERSION = 1;
				GENERATE_INFOPLIST_FILE = YES;
				IPHONEOS_DEPLOYMENT_TARGET = 15.2;
				MARKETING_VERSION = 1.0;
				PRODUCT_BUNDLE_IDENTIFIER = in.edu.srmist.chessTests;
				PRODUCT_NAME = "$(TARGET_NAME)";
				SWIFT_EMIT_LOC_STRINGS = NO;
				SWIFT_VERSION = 5.0;
				TARGETED_DEVICE_FAMILY = "1,2";
				TEST_HOST = "$(BUILT_PRODUCTS_DIR)/chess.app/chess";
			};
			name = Release;
		};
		84443A242914C8B900CC5C2A /* Debug */ = {
			isa = XCBuildConfiguration;
			buildSettings = {
				ALWAYS_EMBED_SWIFT_STANDARD_LIBRARIES = YES;
				CODE_SIGN_STYLE = Automatic;
				CURRENT_PROJECT_VERSION = 1;
				GENERATE_INFOPLIST_FILE = YES;
				MARKETING_VERSION = 1.0;
				PRODUCT_BUNDLE_IDENTIFIER = in.edu.srmist.chessUITests;
				PRODUCT_NAME = "$(TARGET_NAME)";
				SWIFT_EMIT_LOC_STRINGS = NO;
				SWIFT_VERSION = 5.0;
				TARGETED_DEVICE_FAMILY = "1,2";
				TEST_TARGET_NAME = chess;
			};
			name = Debug;
		};
		84443A252914C8B900CC5C2A /* Release */ = {
			isa = XCBuildConfiguration;
			buildSettings = {
				ALWAYS_EMBED_SWIFT_STANDARD_LIBRARIES = YES;
				CODE_SIGN_STYLE = Automatic;
				CURRENT_PROJECT_VERSION = 1;
				GENERATE_INFOPLIST_FILE = YES;
				MARKETING_VERSION = 1.0;
				PRODUCT_BUNDLE_IDENTIFIER = in.edu.srmist.chessUITests;
				PRODUCT_NAME = "$(TARGET_NAME)";
				SWIFT_EMIT_LOC_STRINGS = NO;
				SWIFT_VERSION = 5.0;
				TARGETED_DEVICE_FAMILY = "1,2";
				TEST_TARGET_NAME = chess;
			};
			name = Release;
		};
/* End XCBuildConfiguration section */

/* Begin XCConfigurationList section */
		844439EE2914C8B800CC5C2A /* Build configuration list for PBXProject "chess" */ = {
			isa = XCConfigurationList;
			buildConfigurations = (
				84443A1B2914C8B900CC5C2A /* Debug */,
				84443A1C2914C8B900CC5C2A /* Release */,
			);
			defaultConfigurationIsVisible = 0;
			defaultConfigurationName = Release;
		};
		84443A1D2914C8B900CC5C2A /* Build configuration list for PBXNativeTarget "chess" */ = {
			isa = XCConfigurationList;
			buildConfigurations = (
				84443A1E2914C8B900CC5C2A /* Debug */,
				84443A1F2914C8B900CC5C2A /* Release */,
			);
			defaultConfigurationIsVisible = 0;
			defaultConfigurationName = Release;
		};
		84443A202914C8B900CC5C2A /* Build configuration list for PBXNativeTarget "chessTests" */ = {
			isa = XCConfigurationList;
			buildConfigurations = (
				84443A212914C8B900CC5C2A /* Debug */,
				84443A222914C8B900CC5C2A /* Release */,
			);
			defaultConfigurationIsVisible = 0;
			defaultConfigurationName = Release;
		};
		84443A232914C8B900CC5C2A /* Build configuration list for PBXNativeTarget "chessUITests" */ = {
			isa = XCConfigurationList;
			buildConfigurations = (
				84443A242914C8B900CC5C2A /* Debug */,
				84443A252914C8B900CC5C2A /* Release */,
			);
			defaultConfigurationIsVisible = 0;
			defaultConfigurationName = Release;
		};
/* End XCConfigurationList section */
	};
	rootObject = 844439EB2914C8B800CC5C2A /* Project object */;
}
